
Microsoft Visual Studio Solution File, Format Version 12.00
# Visual Studio Version 17
VisualStudioVersion = 17.2.32526.322
MinimumVisualStudioVersion = 10.0.40219.1
Project("{2150E333-8FDC-42A3-9474-1A3956D46DE8}") = "src", "src", "{1855EF80-52FF-4AAC-8232-87E6E6B05ACC}"
EndProject
Project("{2150E333-8FDC-42A3-9474-1A3956D46DE8}") = "Proxy", "Proxy", "{F7A7C24F-4802-4259-8E84-F9AA31557646}"
EndProject
Project("{9A19103F-16F7-4668-BE54-9A1E7A4F7556}") = "Monorepos.MvcProxy", "src\Monorepos.MvcProxy\Monorepos.MvcProxy.csproj", "{2B48E8CF-85F7-4673-B77C-BED2CB150EDB}"
EndProject
Global
	GlobalSection(SolutionConfigurationPlatforms) = preSolution
		Debug|Any CPU = Debug|Any CPU
		Release|Any CPU = Release|Any CPU
	EndGlobalSection
	GlobalSection(ProjectConfigurationPlatforms) = postSolution
		{2B48E8CF-85F7-4673-B77C-BED2CB150EDB}.Debug|Any CPU.ActiveCfg = Debug|Any CPU
		{2B48E8CF-85F7-4673-B77C-BED2CB150EDB}.Debug|Any CPU.Build.0 = Debug|Any CPU
		{2B48E8CF-85F7-4673-B77C-BED2CB150EDB}.Release|Any CPU.ActiveCfg = Release|Any CPU
		{2B48E8CF-85F7-4673-B77C-BED2CB150EDB}.Release|Any CPU.Build.0 = Release|Any CPU
	EndGlobalSection
	GlobalSection(SolutionProperties) = preSolution
		HideSolutionNode = FALSE
	EndGlobalSection
	GlobalSection(NestedProjects) = preSolution
		{F7A7C24F-4802-4259-8E84-F9AA31557646} = {1855EF80-52FF-4AAC-8232-87E6E6B05ACC}
		{2B48E8CF-85F7-4673-B77C-BED2CB150EDB} = {F7A7C24F-4802-4259-8E84-F9AA31557646}
	EndGlobalSection
	GlobalSection(ExtensibilityGlobals) = postSolution
		SolutionGuid = {1D174659-7EC7-4C4A-93A6-9940348A9853}
	EndGlobalSection
EndGlobal
